// !$*UTF8*$!
{
	archiveVersion = 1;
	classes = {
	};
	objectVersion = 51;
	objects = {

/* Begin PBXBuildFile section */
		47F72807217F76196B02F08D /* Pods_StackReader.framework in Frameworks */ = {isa = PBXBuildFile; fileRef = D5CABD212B4617FA29577AD7 /* Pods_StackReader.framework */; };
		7805814D266C14DB00A38A51 /* SearchResultsViewController.swift in Sources */ = {isa = PBXBuildFile; fileRef = 7805814C266C14DB00A38A51 /* SearchResultsViewController.swift */; };
		78058151266C20BC00A38A51 /* Extension+UIView.swift in Sources */ = {isa = PBXBuildFile; fileRef = 78058150266C20BC00A38A51 /* Extension+UIView.swift */; };
		78058154266C227600A38A51 /* HapticManager.swift in Sources */ = {isa = PBXBuildFile; fileRef = 78058153266C227600A38A51 /* HapticManager.swift */; };
		78089BD72663F8E800EDDD8B /* PostCell.swift in Sources */ = {isa = PBXBuildFile; fileRef = 78089BD52663F8E800EDDD8B /* PostCell.swift */; };
		78089BD82663F8E800EDDD8B /* PostCell.xib in Resources */ = {isa = PBXBuildFile; fileRef = 78089BD62663F8E800EDDD8B /* PostCell.xib */; };
		78224C892672E25C00FA4B36 /* StoreKitManager.swift in Sources */ = {isa = PBXBuildFile; fileRef = 78224C882672E25C00FA4B36 /* StoreKitManager.swift */; };
		7888FB9826793AD700308596 /* AdFooterView.swift in Sources */ = {isa = PBXBuildFile; fileRef = 7888FB9626793AD700308596 /* AdFooterView.swift */; };
		7888FB9B26793DC700308596 /* AdFooterView.xib in Resources */ = {isa = PBXBuildFile; fileRef = 7888FB9A26793DC700308596 /* AdFooterView.xib */; };
		7889070F267658B50099AF18 /* CategoryDetailViewController.swift in Sources */ = {isa = PBXBuildFile; fileRef = 7889070E267658B50099AF18 /* CategoryDetailViewController.swift */; };
		78D1BF9F266844F200A3EE82 /* StacksViewController.swift in Sources */ = {isa = PBXBuildFile; fileRef = 78D1BF9E266844F200A3EE82 /* StacksViewController.swift */; };
		78D1BFA32668461800A3EE82 /* UserData.swift in Sources */ = {isa = PBXBuildFile; fileRef = 78D1BFA22668461800A3EE82 /* UserData.swift */; };
		78D1BFA626684E8200A3EE82 /* Substack+Publication.swift in Sources */ = {isa = PBXBuildFile; fileRef = 78D1BFA526684E8200A3EE82 /* Substack+Publication.swift */; };
		78D1BFA926684E8800A3EE82 /* Substack+Post.swift in Sources */ = {isa = PBXBuildFile; fileRef = 78D1BFA826684E8800A3EE82 /* Substack+Post.swift */; };
		78DCF4162663C26800D16719 /* AppDelegate.swift in Sources */ = {isa = PBXBuildFile; fileRef = 78DCF4152663C26800D16719 /* AppDelegate.swift */; };
		78DCF4182663C26800D16719 /* SceneDelegate.swift in Sources */ = {isa = PBXBuildFile; fileRef = 78DCF4172663C26800D16719 /* SceneDelegate.swift */; };
		78DCF41A2663C26800D16719 /* TabBarController.swift in Sources */ = {isa = PBXBuildFile; fileRef = 78DCF4192663C26800D16719 /* TabBarController.swift */; };
		78DCF41D2663C26800D16719 /* Main.storyboard in Resources */ = {isa = PBXBuildFile; fileRef = 78DCF41B2663C26800D16719 /* Main.storyboard */; };
		78DCF41F2663C26900D16719 /* Assets.xcassets in Resources */ = {isa = PBXBuildFile; fileRef = 78DCF41E2663C26900D16719 /* Assets.xcassets */; };
		78DCF4222663C26900D16719 /* LaunchScreen.storyboard in Resources */ = {isa = PBXBuildFile; fileRef = 78DCF4202663C26900D16719 /* LaunchScreen.storyboard */; };
		78DCF42F2663C2AC00D16719 /* NetworkManager.swift in Sources */ = {isa = PBXBuildFile; fileRef = 78DCF42E2663C2AC00D16719 /* NetworkManager.swift */; };
		78DCF4342663C31100D16719 /* Substack.swift in Sources */ = {isa = PBXBuildFile; fileRef = 78DCF4332663C31100D16719 /* Substack.swift */; };
		78DCF43B2663D9F300D16719 /* DiscoverViewController.swift in Sources */ = {isa = PBXBuildFile; fileRef = 78DCF43A2663D9F300D16719 /* DiscoverViewController.swift */; };
		78DCF43E2663D9FB00D16719 /* SavedViewController.swift in Sources */ = {isa = PBXBuildFile; fileRef = 78DCF43D2663D9FB00D16719 /* SavedViewController.swift */; };
		78DCF4432663DE4100D16719 /* PublicationCell.swift in Sources */ = {isa = PBXBuildFile; fileRef = 78DCF4412663DE4100D16719 /* PublicationCell.swift */; };
		78DCF4442663DE4100D16719 /* PublicationCell.xib in Resources */ = {isa = PBXBuildFile; fileRef = 78DCF4422663DE4100D16719 /* PublicationCell.xib */; };
		78DCF4472663DFCE00D16719 /* Extension+UIImageView.swift in Sources */ = {isa = PBXBuildFile; fileRef = 78DCF4462663DFCE00D16719 /* Extension+UIImageView.swift */; };
		78DCF44D2663DFEB00D16719 /* Extension+String.swift in Sources */ = {isa = PBXBuildFile; fileRef = 78DCF44C2663DFEB00D16719 /* Extension+String.swift */; };
		78DCF4512663E00C00D16719 /* ImageManager.swift in Sources */ = {isa = PBXBuildFile; fileRef = 78DCF4502663E00C00D16719 /* ImageManager.swift */; };
		78DCF4552663E6EE00D16719 /* SectionHeader.swift in Sources */ = {isa = PBXBuildFile; fileRef = 78DCF4532663E6EE00D16719 /* SectionHeader.swift */; };
		78DCF4562663E6EE00D16719 /* SectionHeader.xib in Resources */ = {isa = PBXBuildFile; fileRef = 78DCF4542663E6EE00D16719 /* SectionHeader.xib */; };
		78DD28D72678C311006D6ED7 /* AdManager.swift in Sources */ = {isa = PBXBuildFile; fileRef = 78DD28D62678C311006D6ED7 /* AdManager.swift */; };
		78E99BA1266BCB0000152ACD /* Extension+UIColor.swift in Sources */ = {isa = PBXBuildFile; fileRef = 78E99BA0266BCB0000152ACD /* Extension+UIColor.swift */; };
		78EEA9C626726C13001627FA /* Extension+UICollectionViewLayout.swift in Sources */ = {isa = PBXBuildFile; fileRef = 78EEA9C526726C13001627FA /* Extension+UICollectionViewLayout.swift */; };
		78EF0FD02663F4950059DE99 /* Extension+UIViewController.swift in Sources */ = {isa = PBXBuildFile; fileRef = 78EF0FCF2663F4950059DE99 /* Extension+UIViewController.swift */; };
		78EF0FD32663F5AF0059DE99 /* PublicationDetailViewController.swift in Sources */ = {isa = PBXBuildFile; fileRef = 78EF0FD22663F5AF0059DE99 /* PublicationDetailViewController.swift */; };
/* End PBXBuildFile section */

/* Begin PBXFileReference section */
		2CCCA0A7EFBCA1A2F669522A /* Pods-StackReader.debug.xcconfig */ = {isa = PBXFileReference; includeInIndex = 1; lastKnownFileType = text.xcconfig; name = "Pods-StackReader.debug.xcconfig"; path = "Target Support Files/Pods-StackReader/Pods-StackReader.debug.xcconfig"; sourceTree = "<group>"; };
		7805814C266C14DB00A38A51 /* SearchResultsViewController.swift */ = {isa = PBXFileReference; fileEncoding = 4; lastKnownFileType = sourcecode.swift; path = SearchResultsViewController.swift; sourceTree = "<group>"; };
		78058150266C20BC00A38A51 /* Extension+UIView.swift */ = {isa = PBXFileReference; lastKnownFileType = sourcecode.swift; path = "Extension+UIView.swift"; sourceTree = "<group>"; };
		78058153266C227600A38A51 /* HapticManager.swift */ = {isa = PBXFileReference; lastKnownFileType = sourcecode.swift; path = HapticManager.swift; sourceTree = "<group>"; };
		78089BD52663F8E800EDDD8B /* PostCell.swift */ = {isa = PBXFileReference; lastKnownFileType = sourcecode.swift; path = PostCell.swift; sourceTree = "<group>"; };
		78089BD62663F8E800EDDD8B /* PostCell.xib */ = {isa = PBXFileReference; lastKnownFileType = file.xib; path = PostCell.xib; sourceTree = "<group>"; };
		78224C882672E25C00FA4B36 /* StoreKitManager.swift */ = {isa = PBXFileReference; lastKnownFileType = sourcecode.swift; path = StoreKitManager.swift; sourceTree = "<group>"; };
		7888FB9626793AD700308596 /* AdFooterView.swift */ = {isa = PBXFileReference; lastKnownFileType = sourcecode.swift; path = AdFooterView.swift; sourceTree = "<group>"; };
		7888FB9A26793DC700308596 /* AdFooterView.xib */ = {isa = PBXFileReference; fileEncoding = 4; lastKnownFileType = file.xib; path = AdFooterView.xib; sourceTree = "<group>"; };
		7889070E267658B50099AF18 /* CategoryDetailViewController.swift */ = {isa = PBXFileReference; fileEncoding = 4; lastKnownFileType = sourcecode.swift; path = CategoryDetailViewController.swift; sourceTree = "<group>"; };
		78D1BF9E266844F200A3EE82 /* StacksViewController.swift */ = {isa = PBXFileReference; lastKnownFileType = sourcecode.swift; path = StacksViewController.swift; sourceTree = "<group>"; };
		78D1BFA22668461800A3EE82 /* UserData.swift */ = {isa = PBXFileReference; lastKnownFileType = sourcecode.swift; path = UserData.swift; sourceTree = "<group>"; };
		78D1BFA526684E8200A3EE82 /* Substack+Publication.swift */ = {isa = PBXFileReference; lastKnownFileType = sourcecode.swift; path = "Substack+Publication.swift"; sourceTree = "<group>"; };
		78D1BFA826684E8800A3EE82 /* Substack+Post.swift */ = {isa = PBXFileReference; lastKnownFileType = sourcecode.swift; path = "Substack+Post.swift"; sourceTree = "<group>"; };
		78DCF4122663C26800D16719 /* StackReader.app */ = {isa = PBXFileReference; explicitFileType = wrapper.application; includeInIndex = 0; path = StackReader.app; sourceTree = BUILT_PRODUCTS_DIR; };
		78DCF4152663C26800D16719 /* AppDelegate.swift */ = {isa = PBXFileReference; lastKnownFileType = sourcecode.swift; path = AppDelegate.swift; sourceTree = "<group>"; };
		78DCF4172663C26800D16719 /* SceneDelegate.swift */ = {isa = PBXFileReference; lastKnownFileType = sourcecode.swift; path = SceneDelegate.swift; sourceTree = "<group>"; };
		78DCF4192663C26800D16719 /* TabBarController.swift */ = {isa = PBXFileReference; lastKnownFileType = sourcecode.swift; path = TabBarController.swift; sourceTree = "<group>"; };
		78DCF41C2663C26800D16719 /* Base */ = {isa = PBXFileReference; lastKnownFileType = file.storyboard; name = Base; path = Base.lproj/Main.storyboard; sourceTree = "<group>"; };
		78DCF41E2663C26900D16719 /* Assets.xcassets */ = {isa = PBXFileReference; lastKnownFileType = folder.assetcatalog; path = Assets.xcassets; sourceTree = "<group>"; };
		78DCF4212663C26900D16719 /* Base */ = {isa = PBXFileReference; lastKnownFileType = file.storyboard; name = Base; path = Base.lproj/LaunchScreen.storyboard; sourceTree = "<group>"; };
		78DCF4232663C26900D16719 /* Info.plist */ = {isa = PBXFileReference; lastKnownFileType = text.plist.xml; path = Info.plist; sourceTree = "<group>"; };
		78DCF42E2663C2AC00D16719 /* NetworkManager.swift */ = {isa = PBXFileReference; lastKnownFileType = sourcecode.swift; path = NetworkManager.swift; sourceTree = "<group>"; };
		78DCF4332663C31100D16719 /* Substack.swift */ = {isa = PBXFileReference; lastKnownFileType = sourcecode.swift; path = Substack.swift; sourceTree = "<group>"; };
		78DCF43A2663D9F300D16719 /* DiscoverViewController.swift */ = {isa = PBXFileReference; lastKnownFileType = sourcecode.swift; path = DiscoverViewController.swift; sourceTree = "<group>"; };
		78DCF43D2663D9FB00D16719 /* SavedViewController.swift */ = {isa = PBXFileReference; lastKnownFileType = sourcecode.swift; path = SavedViewController.swift; sourceTree = "<group>"; };
		78DCF4412663DE4100D16719 /* PublicationCell.swift */ = {isa = PBXFileReference; lastKnownFileType = sourcecode.swift; path = PublicationCell.swift; sourceTree = "<group>"; };
		78DCF4422663DE4100D16719 /* PublicationCell.xib */ = {isa = PBXFileReference; lastKnownFileType = file.xib; path = PublicationCell.xib; sourceTree = "<group>"; };
		78DCF4462663DFCE00D16719 /* Extension+UIImageView.swift */ = {isa = PBXFileReference; fileEncoding = 4; lastKnownFileType = sourcecode.swift; path = "Extension+UIImageView.swift"; sourceTree = "<group>"; };
		78DCF44C2663DFEB00D16719 /* Extension+String.swift */ = {isa = PBXFileReference; lastKnownFileType = sourcecode.swift; path = "Extension+String.swift"; sourceTree = "<group>"; };
		78DCF4502663E00C00D16719 /* ImageManager.swift */ = {isa = PBXFileReference; fileEncoding = 4; lastKnownFileType = sourcecode.swift; path = ImageManager.swift; sourceTree = "<group>"; };
		78DCF4532663E6EE00D16719 /* SectionHeader.swift */ = {isa = PBXFileReference; lastKnownFileType = sourcecode.swift; path = SectionHeader.swift; sourceTree = "<group>"; };
		78DCF4542663E6EE00D16719 /* SectionHeader.xib */ = {isa = PBXFileReference; lastKnownFileType = file.xib; path = SectionHeader.xib; sourceTree = "<group>"; };
		78DD28D62678C311006D6ED7 /* AdManager.swift */ = {isa = PBXFileReference; lastKnownFileType = sourcecode.swift; path = AdManager.swift; sourceTree = "<group>"; };
		78E99BA0266BCB0000152ACD /* Extension+UIColor.swift */ = {isa = PBXFileReference; lastKnownFileType = sourcecode.swift; path = "Extension+UIColor.swift"; sourceTree = "<group>"; };
		78EEA9C526726C13001627FA /* Extension+UICollectionViewLayout.swift */ = {isa = PBXFileReference; lastKnownFileType = sourcecode.swift; path = "Extension+UICollectionViewLayout.swift"; sourceTree = "<group>"; };
		78EF0FCF2663F4950059DE99 /* Extension+UIViewController.swift */ = {isa = PBXFileReference; lastKnownFileType = sourcecode.swift; path = "Extension+UIViewController.swift"; sourceTree = "<group>"; };
		78EF0FD22663F5AF0059DE99 /* PublicationDetailViewController.swift */ = {isa = PBXFileReference; lastKnownFileType = sourcecode.swift; path = PublicationDetailViewController.swift; sourceTree = "<group>"; };
		C8A71E5156323E73F6E1767B /* Pods-StackReader.release.xcconfig */ = {isa = PBXFileReference; includeInIndex = 1; lastKnownFileType = text.xcconfig; name = "Pods-StackReader.release.xcconfig"; path = "Target Support Files/Pods-StackReader/Pods-StackReader.release.xcconfig"; sourceTree = "<group>"; };
		D5CABD212B4617FA29577AD7 /* Pods_StackReader.framework */ = {isa = PBXFileReference; explicitFileType = wrapper.framework; includeInIndex = 0; path = Pods_StackReader.framework; sourceTree = BUILT_PRODUCTS_DIR; };
/* End PBXFileReference section */

/* Begin PBXFrameworksBuildPhase section */
		78DCF40F2663C26800D16719 /* Frameworks */ = {
			isa = PBXFrameworksBuildPhase;
			buildActionMask = 2147483647;
			files = (
				47F72807217F76196B02F08D /* Pods_StackReader.framework in Frameworks */,
			);
			runOnlyForDeploymentPostprocessing = 0;
		};
/* End PBXFrameworksBuildPhase section */

/* Begin PBXGroup section */
		4DBA3CE23B17F5262A7BCC20 /* Frameworks */ = {
			isa = PBXGroup;
			children = (
				D5CABD212B4617FA29577AD7 /* Pods_StackReader.framework */,
			);
			name = Frameworks;
			sourceTree = "<group>";
		};
		78DCF4092663C26800D16719 = {
			isa = PBXGroup;
			children = (
				78DCF4142663C26800D16719 /* StackReader */,
				78DCF4132663C26800D16719 /* Products */,
				B12FC192546ED6B6385CA381 /* Pods */,
				4DBA3CE23B17F5262A7BCC20 /* Frameworks */,
			);
			sourceTree = "<group>";
		};
		78DCF4132663C26800D16719 /* Products */ = {
			isa = PBXGroup;
			children = (
				78DCF4122663C26800D16719 /* StackReader.app */,
			);
			name = Products;
			sourceTree = "<group>";
		};
		78DCF4142663C26800D16719 /* StackReader */ = {
			isa = PBXGroup;
			children = (
				78DCF4322663C30200D16719 /* Models */,
				78DCF4402663DE2400D16719 /* Views */,
				78DCF4392663D9C000D16719 /* ViewControllers */,
				78DCF41B2663C26800D16719 /* Main.storyboard */,
				78DCF42D2663C29D00D16719 /* Services */,
				78DCF4492663DFD000D16719 /* Extensions */,
				78DCF42B2663C27600D16719 /* Template */,
			);
			path = StackReader;
			sourceTree = "<group>";
		};
		78DCF42B2663C27600D16719 /* Template */ = {
			isa = PBXGroup;
			children = (
				78DCF4152663C26800D16719 /* AppDelegate.swift */,
				78DCF4172663C26800D16719 /* SceneDelegate.swift */,
				78DCF41E2663C26900D16719 /* Assets.xcassets */,
				78DCF4202663C26900D16719 /* LaunchScreen.storyboard */,
				78DCF4232663C26900D16719 /* Info.plist */,
			);
			name = Template;
			sourceTree = "<group>";
		};
		78DCF42D2663C29D00D16719 /* Services */ = {
			isa = PBXGroup;
			children = (
				78DCF4502663E00C00D16719 /* ImageManager.swift */,
				78DCF42E2663C2AC00D16719 /* NetworkManager.swift */,
				78D1BFA22668461800A3EE82 /* UserData.swift */,
				78058153266C227600A38A51 /* HapticManager.swift */,
				78224C882672E25C00FA4B36 /* StoreKitManager.swift */,
				78DD28D62678C311006D6ED7 /* AdManager.swift */,
			);
			name = Services;
			sourceTree = "<group>";
		};
		78DCF4322663C30200D16719 /* Models */ = {
			isa = PBXGroup;
			children = (
				78DCF4332663C31100D16719 /* Substack.swift */,
				78D1BFA826684E8800A3EE82 /* Substack+Post.swift */,
				78D1BFA526684E8200A3EE82 /* Substack+Publication.swift */,
			);
			name = Models;
			sourceTree = "<group>";
		};
		78DCF4392663D9C000D16719 /* ViewControllers */ = {
			isa = PBXGroup;
			children = (
				78DCF4192663C26800D16719 /* TabBarController.swift */,
				78DCF43A2663D9F300D16719 /* DiscoverViewController.swift */,
				7805814C266C14DB00A38A51 /* SearchResultsViewController.swift */,
				78D1BF9E266844F200A3EE82 /* StacksViewController.swift */,
				78DCF43D2663D9FB00D16719 /* SavedViewController.swift */,
				78EF0FD22663F5AF0059DE99 /* PublicationDetailViewController.swift */,
				7889070E267658B50099AF18 /* CategoryDetailViewController.swift */,
			);
			name = ViewControllers;
			sourceTree = "<group>";
		};
		78DCF4402663DE2400D16719 /* Views */ = {
			isa = PBXGroup;
			children = (
				78DCF4532663E6EE00D16719 /* SectionHeader.swift */,
				78DCF4542663E6EE00D16719 /* SectionHeader.xib */,
				78DCF4412663DE4100D16719 /* PublicationCell.swift */,
				78DCF4422663DE4100D16719 /* PublicationCell.xib */,
				78089BD52663F8E800EDDD8B /* PostCell.swift */,
				78089BD62663F8E800EDDD8B /* PostCell.xib */,
				7888FB9626793AD700308596 /* AdFooterView.swift */,
				7888FB9A26793DC700308596 /* AdFooterView.xib */,
			);
			name = Views;
			sourceTree = "<group>";
		};
		78DCF4492663DFD000D16719 /* Extensions */ = {
			isa = PBXGroup;
			children = (
				78DCF4462663DFCE00D16719 /* Extension+UIImageView.swift */,
				78DCF44C2663DFEB00D16719 /* Extension+String.swift */,
				78EF0FCF2663F4950059DE99 /* Extension+UIViewController.swift */,
				78E99BA0266BCB0000152ACD /* Extension+UIColor.swift */,
				78058150266C20BC00A38A51 /* Extension+UIView.swift */,
				78EEA9C526726C13001627FA /* Extension+UICollectionViewLayout.swift */,
			);
			name = Extensions;
			sourceTree = "<group>";
		};
		B12FC192546ED6B6385CA381 /* Pods */ = {
			isa = PBXGroup;
			children = (
				2CCCA0A7EFBCA1A2F669522A /* Pods-StackReader.debug.xcconfig */,
				C8A71E5156323E73F6E1767B /* Pods-StackReader.release.xcconfig */,
			);
			path = Pods;
			sourceTree = "<group>";
		};
/* End PBXGroup section */

/* Begin PBXNativeTarget section */
		78DCF4112663C26800D16719 /* StackReader */ = {
			isa = PBXNativeTarget;
			buildConfigurationList = 78DCF4262663C26900D16719 /* Build configuration list for PBXNativeTarget "StackReader" */;
			buildPhases = (
				B42170BF216CF5F1CF44548D /* [CP] Check Pods Manifest.lock */,
				78DCF40E2663C26800D16719 /* Sources */,
				78DCF40F2663C26800D16719 /* Frameworks */,
				78DCF4102663C26800D16719 /* Resources */,
				CE0DEFD71E41C76F7514F294 /* [CP] Embed Pods Frameworks */,
			);
			buildRules = (
			);
			dependencies = (
			);
			name = StackReader;
			productName = StackReader;
			productReference = 78DCF4122663C26800D16719 /* StackReader.app */;
			productType = "com.apple.product-type.application";
		};
/* End PBXNativeTarget section */

/* Begin PBXProject section */
		78DCF40A2663C26800D16719 /* Project object */ = {
			isa = PBXProject;
			attributes = {
				LastSwiftUpdateCheck = 1240;
				LastUpgradeCheck = 1240;
				TargetAttributes = {
					78DCF4112663C26800D16719 = {
						CreatedOnToolsVersion = 12.4;
					};
				};
			};
			buildConfigurationList = 78DCF40D2663C26800D16719 /* Build configuration list for PBXProject "StackReader" */;
			compatibilityVersion = "Xcode 9.3";
			developmentRegion = en;
			hasScannedForEncodings = 0;
			knownRegions = (
				en,
				Base,
			);
			mainGroup = 78DCF4092663C26800D16719;
			productRefGroup = 78DCF4132663C26800D16719 /* Products */;
			projectDirPath = "";
			projectRoot = "";
			targets = (
				78DCF4112663C26800D16719 /* StackReader */,
			);
		};
/* End PBXProject section */

/* Begin PBXResourcesBuildPhase section */
		78DCF4102663C26800D16719 /* Resources */ = {
			isa = PBXResourcesBuildPhase;
			buildActionMask = 2147483647;
			files = (
				78DCF4562663E6EE00D16719 /* SectionHeader.xib in Resources */,
				78089BD82663F8E800EDDD8B /* PostCell.xib in Resources */,
				7888FB9B26793DC700308596 /* AdFooterView.xib in Resources */,
				78DCF4222663C26900D16719 /* LaunchScreen.storyboard in Resources */,
				78DCF41F2663C26900D16719 /* Assets.xcassets in Resources */,
				78DCF4442663DE4100D16719 /* PublicationCell.xib in Resources */,
				78DCF41D2663C26800D16719 /* Main.storyboard in Resources */,
			);
			runOnlyForDeploymentPostprocessing = 0;
		};
/* End PBXResourcesBuildPhase section */

/* Begin PBXShellScriptBuildPhase section */
		B42170BF216CF5F1CF44548D /* [CP] Check Pods Manifest.lock */ = {
			isa = PBXShellScriptBuildPhase;
			buildActionMask = 2147483647;
			files = (
			);
			inputFileListPaths = (
			);
			inputPaths = (
				"${PODS_PODFILE_DIR_PATH}/Podfile.lock",
				"${PODS_ROOT}/Manifest.lock",
			);
			name = "[CP] Check Pods Manifest.lock";
			outputFileListPaths = (
			);
			outputPaths = (
				"$(DERIVED_FILE_DIR)/Pods-StackReader-checkManifestLockResult.txt",
			);
			runOnlyForDeploymentPostprocessing = 0;
			shellPath = /bin/sh;
			shellScript = "diff \"${PODS_PODFILE_DIR_PATH}/Podfile.lock\" \"${PODS_ROOT}/Manifest.lock\" > /dev/null\nif [ $? != 0 ] ; then\n    # print error to STDERR\n    echo \"error: The sandbox is not in sync with the Podfile.lock. Run 'pod install' or update your CocoaPods installation.\" >&2\n    exit 1\nfi\n# This output is used by Xcode 'outputs' to avoid re-running this script phase.\necho \"SUCCESS\" > \"${SCRIPT_OUTPUT_FILE_0}\"\n";
			showEnvVarsInLog = 0;
		};
		CE0DEFD71E41C76F7514F294 /* [CP] Embed Pods Frameworks */ = {
			isa = PBXShellScriptBuildPhase;
			buildActionMask = 2147483647;
			files = (
			);
			inputFileListPaths = (
				"${PODS_ROOT}/Target Support Files/Pods-StackReader/Pods-StackReader-frameworks-${CONFIGURATION}-input-files.xcfilelist",
			);
			name = "[CP] Embed Pods Frameworks";
			outputFileListPaths = (
				"${PODS_ROOT}/Target Support Files/Pods-StackReader/Pods-StackReader-frameworks-${CONFIGURATION}-output-files.xcfilelist",
			);
			runOnlyForDeploymentPostprocessing = 0;
			shellPath = /bin/sh;
			shellScript = "\"${PODS_ROOT}/Target Support Files/Pods-StackReader/Pods-StackReader-frameworks.sh\"\n";
			showEnvVarsInLog = 0;
		};
/* End PBXShellScriptBuildPhase section */

/* Begin PBXSourcesBuildPhase section */
		78DCF40E2663C26800D16719 /* Sources */ = {
			isa = PBXSourcesBuildPhase;
			buildActionMask = 2147483647;
			files = (
				7888FB9826793AD700308596 /* AdFooterView.swift in Sources */,
				78DCF44D2663DFEB00D16719 /* Extension+String.swift in Sources */,
				78DCF42F2663C2AC00D16719 /* NetworkManager.swift in Sources */,
				78058151266C20BC00A38A51 /* Extension+UIView.swift in Sources */,
				7889070F267658B50099AF18 /* CategoryDetailViewController.swift in Sources */,
				78DCF4472663DFCE00D16719 /* Extension+UIImageView.swift in Sources */,
				7805814D266C14DB00A38A51 /* SearchResultsViewController.swift in Sources */,
				78DCF41A2663C26800D16719 /* TabBarController.swift in Sources */,
				78DCF4432663DE4100D16719 /* PublicationCell.swift in Sources */,
				78DCF4552663E6EE00D16719 /* SectionHeader.swift in Sources */,
				78DD28D72678C311006D6ED7 /* AdManager.swift in Sources */,
				78D1BF9F266844F200A3EE82 /* StacksViewController.swift in Sources */,
				78D1BFA626684E8200A3EE82 /* Substack+Publication.swift in Sources */,
				78058154266C227600A38A51 /* HapticManager.swift in Sources */,
				78DCF43E2663D9FB00D16719 /* SavedViewController.swift in Sources */,
				78EEA9C626726C13001627FA /* Extension+UICollectionViewLayout.swift in Sources */,
				78DCF4162663C26800D16719 /* AppDelegate.swift in Sources */,
				78224C892672E25C00FA4B36 /* StoreKitManager.swift in Sources */,
				78EF0FD32663F5AF0059DE99 /* PublicationDetailViewController.swift in Sources */,
				78EF0FD02663F4950059DE99 /* Extension+UIViewController.swift in Sources */,
				78D1BFA32668461800A3EE82 /* UserData.swift in Sources */,
				78DCF43B2663D9F300D16719 /* DiscoverViewController.swift in Sources */,
				78D1BFA926684E8800A3EE82 /* Substack+Post.swift in Sources */,
				78DCF4342663C31100D16719 /* Substack.swift in Sources */,
				78DCF4512663E00C00D16719 /* ImageManager.swift in Sources */,
				78DCF4182663C26800D16719 /* SceneDelegate.swift in Sources */,
				78089BD72663F8E800EDDD8B /* PostCell.swift in Sources */,
				78E99BA1266BCB0000152ACD /* Extension+UIColor.swift in Sources */,
			);
			runOnlyForDeploymentPostprocessing = 0;
		};
/* End PBXSourcesBuildPhase section */

/* Begin PBXVariantGroup section */
		78DCF41B2663C26800D16719 /* Main.storyboard */ = {
			isa = PBXVariantGroup;
			children = (
				78DCF41C2663C26800D16719 /* Base */,
			);
			name = Main.storyboard;
			sourceTree = "<group>";
		};
		78DCF4202663C26900D16719 /* LaunchScreen.storyboard */ = {
			isa = PBXVariantGroup;
			children = (
				78DCF4212663C26900D16719 /* Base */,
			);
			name = LaunchScreen.storyboard;
			sourceTree = "<group>";
		};
/* End PBXVariantGroup section */

/* Begin XCBuildConfiguration section */
		78DCF4242663C26900D16719 /* Debug */ = {
			isa = XCBuildConfiguration;
			buildSettings = {
				ALWAYS_SEARCH_USER_PATHS = NO;
				CLANG_ANALYZER_NONNULL = YES;
				CLANG_ANALYZER_NUMBER_OBJECT_CONVERSION = YES_AGGRESSIVE;
				CLANG_CXX_LANGUAGE_STANDARD = "gnu++14";
				CLANG_CXX_LIBRARY = "libc++";
				CLANG_ENABLE_MODULES = YES;
				CLANG_ENABLE_OBJC_ARC = YES;
				CLANG_ENABLE_OBJC_WEAK = YES;
				CLANG_WARN_BLOCK_CAPTURE_AUTORELEASING = YES;
				CLANG_WARN_BOOL_CONVERSION = YES;
				CLANG_WARN_COMMA = YES;
				CLANG_WARN_CONSTANT_CONVERSION = YES;
				CLANG_WARN_DEPRECATED_OBJC_IMPLEMENTATIONS = YES;
				CLANG_WARN_DIRECT_OBJC_ISA_USAGE = YES_ERROR;
				CLANG_WARN_DOCUMENTATION_COMMENTS = YES;
				CLANG_WARN_EMPTY_BODY = YES;
				CLANG_WARN_ENUM_CONVERSION = YES;
				CLANG_WARN_INFINITE_RECURSION = YES;
				CLANG_WARN_INT_CONVERSION = YES;
				CLANG_WARN_NON_LITERAL_NULL_CONVERSION = YES;
				CLANG_WARN_OBJC_IMPLICIT_RETAIN_SELF = YES;
				CLANG_WARN_OBJC_LITERAL_CONVERSION = YES;
				CLANG_WARN_OBJC_ROOT_CLASS = YES_ERROR;
				CLANG_WARN_QUOTED_INCLUDE_IN_FRAMEWORK_HEADER = YES;
				CLANG_WARN_RANGE_LOOP_ANALYSIS = YES;
				CLANG_WARN_STRICT_PROTOTYPES = YES;
				CLANG_WARN_SUSPICIOUS_MOVE = YES;
				CLANG_WARN_UNGUARDED_AVAILABILITY = YES_AGGRESSIVE;
				CLANG_WARN_UNREACHABLE_CODE = YES;
				CLANG_WARN__DUPLICATE_METHOD_MATCH = YES;
				COPY_PHASE_STRIP = NO;
				DEBUG_INFORMATION_FORMAT = dwarf;
				ENABLE_STRICT_OBJC_MSGSEND = YES;
				ENABLE_TESTABILITY = YES;
				GCC_C_LANGUAGE_STANDARD = gnu11;
				GCC_DYNAMIC_NO_PIC = NO;
				GCC_NO_COMMON_BLOCKS = YES;
				GCC_OPTIMIZATION_LEVEL = 0;
				GCC_PREPROCESSOR_DEFINITIONS = (
					"DEBUG=1",
					"$(inherited)",
				);
				GCC_WARN_64_TO_32_BIT_CONVERSION = YES;
				GCC_WARN_ABOUT_RETURN_TYPE = YES_ERROR;
				GCC_WARN_UNDECLARED_SELECTOR = YES;
				GCC_WARN_UNINITIALIZED_AUTOS = YES_AGGRESSIVE;
				GCC_WARN_UNUSED_FUNCTION = YES;
				GCC_WARN_UNUSED_VARIABLE = YES;
				IPHONEOS_DEPLOYMENT_TARGET = 14.4;
				MTL_ENABLE_DEBUG_INFO = INCLUDE_SOURCE;
				MTL_FAST_MATH = YES;
				ONLY_ACTIVE_ARCH = YES;
				SDKROOT = iphoneos;
				SWIFT_ACTIVE_COMPILATION_CONDITIONS = DEBUG;
				SWIFT_OPTIMIZATION_LEVEL = "-Onone";
			};
			name = Debug;
		};
		78DCF4252663C26900D16719 /* Release */ = {
			isa = XCBuildConfiguration;
			buildSettings = {
				ALWAYS_SEARCH_USER_PATHS = NO;
				CLANG_ANALYZER_NONNULL = YES;
				CLANG_ANALYZER_NUMBER_OBJECT_CONVERSION = YES_AGGRESSIVE;
				CLANG_CXX_LANGUAGE_STANDARD = "gnu++14";
				CLANG_CXX_LIBRARY = "libc++";
				CLANG_ENABLE_MODULES = YES;
				CLANG_ENABLE_OBJC_ARC = YES;
				CLANG_ENABLE_OBJC_WEAK = YES;
				CLANG_WARN_BLOCK_CAPTURE_AUTORELEASING = YES;
				CLANG_WARN_BOOL_CONVERSION = YES;
				CLANG_WARN_COMMA = YES;
				CLANG_WARN_CONSTANT_CONVERSION = YES;
				CLANG_WARN_DEPRECATED_OBJC_IMPLEMENTATIONS = YES;
				CLANG_WARN_DIRECT_OBJC_ISA_USAGE = YES_ERROR;
				CLANG_WARN_DOCUMENTATION_COMMENTS = YES;
				CLANG_WARN_EMPTY_BODY = YES;
				CLANG_WARN_ENUM_CONVERSION = YES;
				CLANG_WARN_INFINITE_RECURSION = YES;
				CLANG_WARN_INT_CONVERSION = YES;
				CLANG_WARN_NON_LITERAL_NULL_CONVERSION = YES;
				CLANG_WARN_OBJC_IMPLICIT_RETAIN_SELF = YES;
				CLANG_WARN_OBJC_LITERAL_CONVERSION = YES;
				CLANG_WARN_OBJC_ROOT_CLASS = YES_ERROR;
				CLANG_WARN_QUOTED_INCLUDE_IN_FRAMEWORK_HEADER = YES;
				CLANG_WARN_RANGE_LOOP_ANALYSIS = YES;
				CLANG_WARN_STRICT_PROTOTYPES = YES;
				CLANG_WARN_SUSPICIOUS_MOVE = YES;
				CLANG_WARN_UNGUARDED_AVAILABILITY = YES_AGGRESSIVE;
				CLANG_WARN_UNREACHABLE_CODE = YES;
				CLANG_WARN__DUPLICATE_METHOD_MATCH = YES;
				COPY_PHASE_STRIP = NO;
				DEBUG_INFORMATION_FORMAT = "dwarf-with-dsym";
				ENABLE_NS_ASSERTIONS = NO;
				ENABLE_STRICT_OBJC_MSGSEND = YES;
				GCC_C_LANGUAGE_STANDARD = gnu11;
				GCC_NO_COMMON_BLOCKS = YES;
				GCC_WARN_64_TO_32_BIT_CONVERSION = YES;
				GCC_WARN_ABOUT_RETURN_TYPE = YES_ERROR;
				GCC_WARN_UNDECLARED_SELECTOR = YES;
				GCC_WARN_UNINITIALIZED_AUTOS = YES_AGGRESSIVE;
				GCC_WARN_UNUSED_FUNCTION = YES;
				GCC_WARN_UNUSED_VARIABLE = YES;
				IPHONEOS_DEPLOYMENT_TARGET = 14.4;
				MTL_ENABLE_DEBUG_INFO = NO;
				MTL_FAST_MATH = YES;
				SDKROOT = iphoneos;
				SWIFT_COMPILATION_MODE = wholemodule;
				SWIFT_OPTIMIZATION_LEVEL = "-O";
				VALIDATE_PRODUCT = YES;
			};
			name = Release;
		};
		78DCF4272663C26900D16719 /* Debug */ = {
			isa = XCBuildConfiguration;
			baseConfigurationReference = 2CCCA0A7EFBCA1A2F669522A /* Pods-StackReader.debug.xcconfig */;
			buildSettings = {
				ASSETCATALOG_COMPILER_APPICON_NAME = AppIcon;
				ASSETCATALOG_COMPILER_GLOBAL_ACCENT_COLOR_NAME = AccentColor;
				CODE_SIGN_STYLE = Automatic;
				CURRENT_PROJECT_VERSION = 1;
				DEVELOPMENT_TEAM = DTTK359L6E;
				INFOPLIST_FILE = StackReader/Info.plist;
				IPHONEOS_DEPLOYMENT_TARGET = 14.1;
				LD_RUNPATH_SEARCH_PATHS = (
					"$(inherited)",
					"@executable_path/Frameworks",
				);
				MARKETING_VERSION = 1.1.2;
				PRODUCT_BUNDLE_IDENTIFIER = com.trudev.StackReader;
				PRODUCT_NAME = "$(TARGET_NAME)";
				SWIFT_VERSION = 5.0;
				TARGETED_DEVICE_FAMILY = "1,2";
			};
			name = Debug;
		};
		78DCF4282663C26900D16719 /* Release */ = {
			isa = XCBuildConfiguration;
			baseConfigurationReference = C8A71E5156323E73F6E1767B /* Pods-StackReader.release.xcconfig */;
			buildSettings = {
				ASSETCATALOG_COMPILER_APPICON_NAME = AppIcon;
				ASSETCATALOG_COMPILER_GLOBAL_ACCENT_COLOR_NAME = AccentColor;
				CODE_SIGN_STYLE = Automatic;
				CURRENT_PROJECT_VERSION = 1;
				DEVELOPMENT_TEAM = DTTK359L6E;
				INFOPLIST_FILE = StackReader/Info.plist;
				IPHONEOS_DEPLOYMENT_TARGET = 14.1;
				LD_RUNPATH_SEARCH_PATHS = (
					"$(inherited)",
					"@executable_path/Frameworks",
				);
				MARKETING_VERSION = 1.1.2;
				PRODUCT_BUNDLE_IDENTIFIER = com.trudev.StackReader;
				PRODUCT_NAME = "$(TARGET_NAME)";
				SWIFT_VERSION = 5.0;
				TARGETED_DEVICE_FAMILY = "1,2";
			};
			name = Release;
		};
/* End XCBuildConfiguration section */

/* Begin XCConfigurationList section */
		78DCF40D2663C26800D16719 /* Build configuration list for PBXProject "StackReader" */ = {
			isa = XCConfigurationList;
			buildConfigurations = (
				78DCF4242663C26900D16719 /* Debug */,
				78DCF4252663C26900D16719 /* Release */,
			);
			defaultConfigurationIsVisible = 0;
			defaultConfigurationName = Release;
		};
		78DCF4262663C26900D16719 /* Build configuration list for PBXNativeTarget "StackReader" */ = {
			isa = XCConfigurationList;
			buildConfigurations = (
				78DCF4272663C26900D16719 /* Debug */,
				78DCF4282663C26900D16719 /* Release */,
			);
			defaultConfigurationIsVisible = 0;
			defaultConfigurationName = Release;
		};
/* End XCConfigurationList section */
	};
	rootObject = 78DCF40A2663C26800D16719 /* Project object */;
}
